// !$*UTF8*$!
{
	archiveVersion = 1;
	classes = {
	};
	objectVersion = 46;
	objects = {

/* Begin PBXBuildFile section */
		3E22F8EC171EE19B00EA85A7 /* ProjectionInfo.m in Sources */ = {isa = PBXBuildFile; fileRef = 3E22F8EB171EE19B00EA85A7 /* ProjectionInfo.m */; };
		3E22F8F2171EE3BD00EA85A7 /* ViewInfo.m in Sources */ = {isa = PBXBuildFile; fileRef = 3E22F8F1171EE3BD00EA85A7 /* ViewInfo.m */; };
		3E2312CF172EE67E00FE2C77 /* FBOBloom.m in Sources */ = {isa = PBXBuildFile; fileRef = 3E2312CE172EE67E00FE2C77 /* FBOBloom.m */; };
		3E3AA7B81731B5F800527441 /* Utils.c in Sources */ = {isa = PBXBuildFile; fileRef = 3E3AA7B71731B5F800527441 /* Utils.c */; };
		3E5B5B58171AC5C400DFFD87 /* VBOTeapot.m in Sources */ = {isa = PBXBuildFile; fileRef = 3E5B5B57171AC5C400DFFD87 /* VBOTeapot.m */; };
		3E5B5B5E171B07B600DFFD87 /* VBOFloor.m in Sources */ = {isa = PBXBuildFile; fileRef = 3E5B5B5D171B07B600DFFD87 /* VBOFloor.m */; };
		3E5B5B62171B19F600DFFD87 /* VBOTorus.m in Sources */ = {isa = PBXBuildFile; fileRef = 3E5B5B61171B19F600DFFD87 /* VBOTorus.m */; };
		3E6107B9171E078800259DAB /* Camera.m in Sources */ = {isa = PBXBuildFile; fileRef = 3E6107B8171E078800259DAB /* Camera.m */; };
		3E6107BC171E13AB00259DAB /* Drawable.m in Sources */ = {isa = PBXBuildFile; fileRef = 3E6107BB171E13AB00259DAB /* Drawable.m */; };
		3E6107C1171E270B00259DAB /* Light.m in Sources */ = {isa = PBXBuildFile; fileRef = 3E6107C0171E270B00259DAB /* Light.m */; };
		3E6107C4171E292600259DAB /* SceneEffect.m in Sources */ = {isa = PBXBuildFile; fileRef = 3E6107C3171E292600259DAB /* SceneEffect.m */; };
		3E61F3121716D72900FA7C64 /* UIKit.framework in Frameworks */ = {isa = PBXBuildFile; fileRef = 3E61F3111716D72900FA7C64 /* UIKit.framework */; };
		3E61F3141716D72900FA7C64 /* Foundation.framework in Frameworks */ = {isa = PBXBuildFile; fileRef = 3E61F3131716D72900FA7C64 /* Foundation.framework */; };
		3E61F3161716D72900FA7C64 /* CoreGraphics.framework in Frameworks */ = {isa = PBXBuildFile; fileRef = 3E61F3151716D72900FA7C64 /* CoreGraphics.framework */; };
		3E61F3181716D72900FA7C64 /* GLKit.framework in Frameworks */ = {isa = PBXBuildFile; fileRef = 3E61F3171716D72900FA7C64 /* GLKit.framework */; };
		3E61F31A1716D72900FA7C64 /* OpenGLES.framework in Frameworks */ = {isa = PBXBuildFile; fileRef = 3E61F3191716D72900FA7C64 /* OpenGLES.framework */; };
		3E61F3201716D72900FA7C64 /* InfoPlist.strings in Resources */ = {isa = PBXBuildFile; fileRef = 3E61F31E1716D72900FA7C64 /* InfoPlist.strings */; };
		3E61F3221716D72900FA7C64 /* main.m in Sources */ = {isa = PBXBuildFile; fileRef = 3E61F3211716D72900FA7C64 /* main.m */; };
		3E61F3261716D72900FA7C64 /* TUTAppDelegate.m in Sources */ = {isa = PBXBuildFile; fileRef = 3E61F3251716D72900FA7C64 /* TUTAppDelegate.m */; };
		3E61F3281716D72900FA7C64 /* Default.png in Resources */ = {isa = PBXBuildFile; fileRef = 3E61F3271716D72900FA7C64 /* Default.png */; };
		3E61F32A1716D72900FA7C64 /* Default@2x.png in Resources */ = {isa = PBXBuildFile; fileRef = 3E61F3291716D72900FA7C64 /* Default@2x.png */; };
		3E61F32C1716D72900FA7C64 /* Default-568h@2x.png in Resources */ = {isa = PBXBuildFile; fileRef = 3E61F32B1716D72900FA7C64 /* Default-568h@2x.png */; };
		3E61F32F1716D72900FA7C64 /* MainStoryboard.storyboard in Resources */ = {isa = PBXBuildFile; fileRef = 3E61F32D1716D72900FA7C64 /* MainStoryboard.storyboard */; };
		3E61F3311716D72900FA7C64 /* Shader.fsh in Resources */ = {isa = PBXBuildFile; fileRef = 3E61F3301716D72900FA7C64 /* Shader.fsh */; };
		3E61F3331716D72900FA7C64 /* Shader.vsh in Resources */ = {isa = PBXBuildFile; fileRef = 3E61F3321716D72900FA7C64 /* Shader.vsh */; };
		3E61F3361716D72900FA7C64 /* TUTViewController.m in Sources */ = {isa = PBXBuildFile; fileRef = 3E61F3351716D72900FA7C64 /* TUTViewController.m */; };
		3E61F33E1716D72900FA7C64 /* SenTestingKit.framework in Frameworks */ = {isa = PBXBuildFile; fileRef = 3E61F33D1716D72900FA7C64 /* SenTestingKit.framework */; };
		3E61F33F1716D72900FA7C64 /* UIKit.framework in Frameworks */ = {isa = PBXBuildFile; fileRef = 3E61F3111716D72900FA7C64 /* UIKit.framework */; };
		3E61F3401716D72900FA7C64 /* Foundation.framework in Frameworks */ = {isa = PBXBuildFile; fileRef = 3E61F3131716D72900FA7C64 /* Foundation.framework */; };
		3E61F3481716D72900FA7C64 /* InfoPlist.strings in Resources */ = {isa = PBXBuildFile; fileRef = 3E61F3461716D72900FA7C64 /* InfoPlist.strings */; };
		3E61F34B1716D72900FA7C64 /* Tut1Tests.m in Sources */ = {isa = PBXBuildFile; fileRef = 3E61F34A1716D72900FA7C64 /* Tut1Tests.m */; };
		3E6F90F917EB4FD200B0D280 /* VAOQuad.m in Sources */ = {isa = PBXBuildFile; fileRef = 3E6F90F817EB4FD200B0D280 /* VAOQuad.m */; };
		3E98BFBD171C9C8A00C963E3 /* GLSLProgram.m in Sources */ = {isa = PBXBuildFile; fileRef = 3E98BFBC171C9C8A00C963E3 /* GLSLProgram.m */; };
		3E9ECBAF171D841E002DAB1E /* Shadow.fsh in Resources */ = {isa = PBXBuildFile; fileRef = 3E9ECBAE171D841E002DAB1E /* Shadow.fsh */; };
		3E9ECBB2171D88EC002DAB1E /* Shadow.vsh in Resources */ = {isa = PBXBuildFile; fileRef = 3E9ECBB0171D858C002DAB1E /* Shadow.vsh */; };
		3E9ECBB8171D93AA002DAB1E /* FBOShadow.m in Sources */ = {isa = PBXBuildFile; fileRef = 3E9ECBB7171D93AA002DAB1E /* FBOShadow.m */; };
		3E9FA54717E728F1008CB314 /* BlurGaussian5.vsh in Resources */ = {isa = PBXBuildFile; fileRef = 3E9FA53917E71BDE008CB314 /* BlurGaussian5.vsh */; };
		3E9FA54817E728F1008CB314 /* BlurGaussian5.fsh in Resources */ = {isa = PBXBuildFile; fileRef = 3E9FA53B17E71BF8008CB314 /* BlurGaussian5.fsh */; };
		3E9FA54917E728F1008CB314 /* BlurGaussian9.vsh in Resources */ = {isa = PBXBuildFile; fileRef = 3E9FA53D17E71C57008CB314 /* BlurGaussian9.vsh */; };
		3E9FA54A17E728F1008CB314 /* BlurGaussian9.fsh in Resources */ = {isa = PBXBuildFile; fileRef = 3E9FA53E17E71C6E008CB314 /* BlurGaussian9.fsh */; };
		3E9FA54B17E728F1008CB314 /* BlurGaussian13.vsh in Resources */ = {isa = PBXBuildFile; fileRef = 3E9FA53F17E71C8E008CB314 /* BlurGaussian13.vsh */; };
		3E9FA54C17E728F1008CB314 /* BlurGaussian13.fsh in Resources */ = {isa = PBXBuildFile; fileRef = 3E9FA54017E71CA6008CB314 /* BlurGaussian13.fsh */; };
		3E9FA54D17E728F1008CB314 /* BlurGaussian17.vsh in Resources */ = {isa = PBXBuildFile; fileRef = 3E9FA54117E71CBE008CB314 /* BlurGaussian17.vsh */; };
		3E9FA54E17E728F1008CB314 /* BlurGaussian17.fsh in Resources */ = {isa = PBXBuildFile; fileRef = 3E9FA54217E71CD5008CB314 /* BlurGaussian17.fsh */; };
		3E9FA54F17E728F1008CB314 /* BlurGaussian21.vsh in Resources */ = {isa = PBXBuildFile; fileRef = 3E9FA54317E71CE9008CB314 /* BlurGaussian21.vsh */; };
		3E9FA55017E728F1008CB314 /* BlurGaussian21.fsh in Resources */ = {isa = PBXBuildFile; fileRef = 3E9FA54417E71CFB008CB314 /* BlurGaussian21.fsh */; };
		3E9FA55117E728F1008CB314 /* BlurGaussian25.vsh in Resources */ = {isa = PBXBuildFile; fileRef = 3E9FA54517E72515008CB314 /* BlurGaussian25.vsh */; };
		3E9FA55217E728F1008CB314 /* BlurGaussian25.fsh in Resources */ = {isa = PBXBuildFile; fileRef = 3E9FA54617E72535008CB314 /* BlurGaussian25.fsh */; };
		3E9FA55517E72937008CB314 /* GLSLBlur.m in Sources */ = {isa = PBXBuildFile; fileRef = 3E9FA55417E72937008CB314 /* GLSLBlur.m */; };
		3EA1F7D21738049900FEC22E /* VBOCylinder.m in Sources */ = {isa = PBXBuildFile; fileRef = 3EA1F7D11738049900FEC22E /* VBOCylinder.m */; };
		3EB41E2817DCB6B400921428 /* FBOCaptureMSAA.m in Sources */ = {isa = PBXBuildFile; fileRef = 3EB41E2717DCB6B400921428 /* FBOCaptureMSAA.m */; };
		3EB41E2B17DCE79800921428 /* FBOCapture.m in Sources */ = {isa = PBXBuildFile; fileRef = 3EB41E2A17DCE79800921428 /* FBOCapture.m */; };
		3EB41E2E17DD025100921428 /* FBOCaptureNone.m in Sources */ = {isa = PBXBuildFile; fileRef = 3EB41E2D17DD025100921428 /* FBOCaptureNone.m */; };
		3EBC8D1B173913CF00E5DC93 /* BloomHigh.fsh in Resources */ = {isa = PBXBuildFile; fileRef = 3EBC8D18173913A500E5DC93 /* BloomHigh.fsh */; };
		3EBC8D1C173913D300E5DC93 /* BloomHigh.vsh in Resources */ = {isa = PBXBuildFile; fileRef = 3EBC8D1A173913BC00E5DC93 /* BloomHigh.vsh */; };
		3EBC8D1F17395AFA00E5DC93 /* BloomCombine4.fsh in Resources */ = {isa = PBXBuildFile; fileRef = 3EBC8D1E173956DE00E5DC93 /* BloomCombine4.fsh */; };
		3EBC8D2017395AFD00E5DC93 /* BloomCombine4.vsh in Resources */ = {isa = PBXBuildFile; fileRef = 3EBC8D1D173956C900E5DC93 /* BloomCombine4.vsh */; };
		3EC0A8C1172D8AE800618EA1 /* common.vsh in Resources */ = {isa = PBXBuildFile; fileRef = 3EC0A8BD172D86F300618EA1 /* common.vsh */; };
		3EC0A8C2172D8AED00618EA1 /* common.fsh in Resources */ = {isa = PBXBuildFile; fileRef = 3EC0A8BF172D87D900618EA1 /* common.fsh */; };
		3ECB663217E8C6C800D45CF7 /* backsp9.jpg in Resources */ = {isa = PBXBuildFile; fileRef = 3ECB662C17E8C6BD00D45CF7 /* backsp9.jpg */; };
		3ECB663317E8C6C800D45CF7 /* botsp9.jpg in Resources */ = {isa = PBXBuildFile; fileRef = 3ECB662D17E8C6BD00D45CF7 /* botsp9.jpg */; };
		3ECB663417E8C6C800D45CF7 /* frontsp9.jpg in Resources */ = {isa = PBXBuildFile; fileRef = 3ECB662E17E8C6BD00D45CF7 /* frontsp9.jpg */; };
		3ECB663517E8C6C800D45CF7 /* leftsp9.jpg in Resources */ = {isa = PBXBuildFile; fileRef = 3ECB662F17E8C6BD00D45CF7 /* leftsp9.jpg */; };
		3ECB663617E8C6C800D45CF7 /* rightsp9.jpg in Resources */ = {isa = PBXBuildFile; fileRef = 3ECB663017E8C6BD00D45CF7 /* rightsp9.jpg */; };
		3ECB663717E8C6C800D45CF7 /* topsp9.jpg in Resources */ = {isa = PBXBuildFile; fileRef = 3ECB663117E8C6BD00D45CF7 /* topsp9.jpg */; };
		3ECB663817E8C6C800D45CF7 /* texture1.jpg in Resources */ = {isa = PBXBuildFile; fileRef = 3ECB662A17E8C4AF00D45CF7 /* texture1.jpg */; };
		3ED7E0781735A56000E2E4A7 /* VBOScreenQuad.m in Sources */ = {isa = PBXBuildFile; fileRef = 3ED7E0771735A56000E2E4A7 /* VBOScreenQuad.m */; };
		3EDED4181734551500197E64 /* BlurBox5.fsh in Resources */ = {isa = PBXBuildFile; fileRef = 3EDED416173427E900197E64 /* BlurBox5.fsh */; };
		3EDED4191734551A00197E64 /* BlurBox5.vsh in Resources */ = {isa = PBXBuildFile; fileRef = 3EDED414173426B900197E64 /* BlurBox5.vsh */; };
		3EE5C0A0172D5F3A001E30EC /* ShaderTexture.vsh in Resources */ = {isa = PBXBuildFile; fileRef = 3EE5C09D172D3FBD001E30EC /* ShaderTexture.vsh */; };
		3EE5C0A1172D5F43001E30EC /* ShaderTexture.fsh in Resources */ = {isa = PBXBuildFile; fileRef = 3EE5C09C172D3FBD001E30EC /* ShaderTexture.fsh */; };
		3EEA6EF7171F502D006B9B91 /* Debug.fsh in Resources */ = {isa = PBXBuildFile; fileRef = 3EEA6EF3171F5019006B9B91 /* Debug.fsh */; };
		3EEA6EF8171F502F006B9B91 /* Debug.vsh in Resources */ = {isa = PBXBuildFile; fileRef = 3EEA6EF4171F5019006B9B91 /* Debug.vsh */; };
/* End PBXBuildFile section */

/* Begin PBXContainerItemProxy section */
		3E61F3411716D72900FA7C64 /* PBXContainerItemProxy */ = {
			isa = PBXContainerItemProxy;
			containerPortal = 3E61F3061716D72900FA7C64 /* Project object */;
			proxyType = 1;
			remoteGlobalIDString = 3E61F30D1716D72900FA7C64;
			remoteInfo = Tut1;
		};
/* End PBXContainerItemProxy section */

/* Begin PBXFileReference section */
		3E22F8EA171EE19B00EA85A7 /* ProjectionInfo.h */ = {isa = PBXFileReference; fileEncoding = 4; lastKnownFileType = sourcecode.c.h; path = ProjectionInfo.h; sourceTree = "<group>"; };
		3E22F8EB171EE19B00EA85A7 /* ProjectionInfo.m */ = {isa = PBXFileReference; fileEncoding = 4; lastKnownFileType = sourcecode.c.objc; path = ProjectionInfo.m; sourceTree = "<group>"; };
		3E22F8F0171EE3BD00EA85A7 /* ViewInfo.h */ = {isa = PBXFileReference; fileEncoding = 4; lastKnownFileType = sourcecode.c.h; path = ViewInfo.h; sourceTree = "<group>"; };
		3E22F8F1171EE3BD00EA85A7 /* ViewInfo.m */ = {isa = PBXFileReference; fileEncoding = 4; lastKnownFileType = sourcecode.c.objc; path = ViewInfo.m; sourceTree = "<group>"; };
		3E22F8F3171F062500EA85A7 /* Effect.h */ = {isa = PBXFileReference; lastKnownFileType = sourcecode.c.h; path = Effect.h; sourceTree = "<group>"; };
		3E2312CD172EE67E00FE2C77 /* FBOBloom.h */ = {isa = PBXFileReference; fileEncoding = 4; lastKnownFileType = sourcecode.c.h; path = FBOBloom.h; sourceTree = "<group>"; };
		3E2312CE172EE67E00FE2C77 /* FBOBloom.m */ = {isa = PBXFileReference; fileEncoding = 4; lastKnownFileType = sourcecode.c.objc; path = FBOBloom.m; sourceTree = "<group>"; };
		3E3AA7B71731B5F800527441 /* Utils.c */ = {isa = PBXFileReference; fileEncoding = 4; lastKnownFileType = sourcecode.c.c; path = Utils.c; sourceTree = "<group>"; };
		3E5B5B56171AC5C400DFFD87 /* VBOTeapot.h */ = {isa = PBXFileReference; fileEncoding = 4; lastKnownFileType = sourcecode.c.h; path = VBOTeapot.h; sourceTree = "<group>"; };
		3E5B5B57171AC5C400DFFD87 /* VBOTeapot.m */ = {isa = PBXFileReference; fileEncoding = 4; lastKnownFileType = sourcecode.c.objc; path = VBOTeapot.m; sourceTree = "<group>"; };
		3E5B5B5C171B07B600DFFD87 /* VBOFloor.h */ = {isa = PBXFileReference; fileEncoding = 4; lastKnownFileType = sourcecode.c.h; path = VBOFloor.h; sourceTree = "<group>"; };
		3E5B5B5D171B07B600DFFD87 /* VBOFloor.m */ = {isa = PBXFileReference; fileEncoding = 4; lastKnownFileType = sourcecode.c.objc; path = VBOFloor.m; sourceTree = "<group>"; };
		3E5B5B5F171B0B8900DFFD87 /* Utils.h */ = {isa = PBXFileReference; lastKnownFileType = sourcecode.c.h; path = Utils.h; sourceTree = "<group>"; };
		3E5B5B60171B19F600DFFD87 /* VBOTorus.h */ = {isa = PBXFileReference; fileEncoding = 4; lastKnownFileType = sourcecode.c.h; path = VBOTorus.h; sourceTree = "<group>"; };
		3E5B5B61171B19F600DFFD87 /* VBOTorus.m */ = {isa = PBXFileReference; fileEncoding = 4; lastKnownFileType = sourcecode.c.objc; path = VBOTorus.m; sourceTree = "<group>"; };
		3E6107B7171E078800259DAB /* Camera.h */ = {isa = PBXFileReference; fileEncoding = 4; lastKnownFileType = sourcecode.c.h; path = Camera.h; sourceTree = "<group>"; };
		3E6107B8171E078800259DAB /* Camera.m */ = {isa = PBXFileReference; fileEncoding = 4; lastKnownFileType = sourcecode.c.objc; path = Camera.m; sourceTree = "<group>"; };
		3E6107BA171E13AB00259DAB /* Drawable.h */ = {isa = PBXFileReference; fileEncoding = 4; lastKnownFileType = sourcecode.c.h; path = Drawable.h; sourceTree = "<group>"; };
		3E6107BB171E13AB00259DAB /* Drawable.m */ = {isa = PBXFileReference; fileEncoding = 4; lastKnownFileType = sourcecode.c.objc; path = Drawable.m; sourceTree = "<group>"; };
		3E6107BF171E270B00259DAB /* Light.h */ = {isa = PBXFileReference; fileEncoding = 4; lastKnownFileType = sourcecode.c.h; path = Light.h; sourceTree = "<group>"; };
		3E6107C0171E270B00259DAB /* Light.m */ = {isa = PBXFileReference; fileEncoding = 4; lastKnownFileType = sourcecode.c.objc; path = Light.m; sourceTree = "<group>"; };
		3E6107C2171E292600259DAB /* SceneEffect.h */ = {isa = PBXFileReference; fileEncoding = 4; lastKnownFileType = sourcecode.c.h; path = SceneEffect.h; sourceTree = "<group>"; };
		3E6107C3171E292600259DAB /* SceneEffect.m */ = {isa = PBXFileReference; fileEncoding = 4; lastKnownFileType = sourcecode.c.objc; path = SceneEffect.m; sourceTree = "<group>"; };
		3E61F30E1716D72900FA7C64 /* Tut1.app */ = {isa = PBXFileReference; explicitFileType = wrapper.application; includeInIndex = 0; path = Tut1.app; sourceTree = BUILT_PRODUCTS_DIR; };
		3E61F3111716D72900FA7C64 /* UIKit.framework */ = {isa = PBXFileReference; lastKnownFileType = wrapper.framework; name = UIKit.framework; path = System/Library/Frameworks/UIKit.framework; sourceTree = SDKROOT; };
		3E61F3131716D72900FA7C64 /* Foundation.framework */ = {isa = PBXFileReference; lastKnownFileType = wrapper.framework; name = Foundation.framework; path = System/Library/Frameworks/Foundation.framework; sourceTree = SDKROOT; };
		3E61F3151716D72900FA7C64 /* CoreGraphics.framework */ = {isa = PBXFileReference; lastKnownFileType = wrapper.framework; name = CoreGraphics.framework; path = System/Library/Frameworks/CoreGraphics.framework; sourceTree = SDKROOT; };
		3E61F3171716D72900FA7C64 /* GLKit.framework */ = {isa = PBXFileReference; lastKnownFileType = wrapper.framework; name = GLKit.framework; path = System/Library/Frameworks/GLKit.framework; sourceTree = SDKROOT; };
		3E61F3191716D72900FA7C64 /* OpenGLES.framework */ = {isa = PBXFileReference; lastKnownFileType = wrapper.framework; name = OpenGLES.framework; path = System/Library/Frameworks/OpenGLES.framework; sourceTree = SDKROOT; };
		3E61F31D1716D72900FA7C64 /* Tut1-Info.plist */ = {isa = PBXFileReference; lastKnownFileType = text.plist.xml; path = "Tut1-Info.plist"; sourceTree = "<group>"; };
		3E61F31F1716D72900FA7C64 /* en */ = {isa = PBXFileReference; lastKnownFileType = text.plist.strings; name = en; path = en.lproj/InfoPlist.strings; sourceTree = "<group>"; };
		3E61F3211716D72900FA7C64 /* main.m */ = {isa = PBXFileReference; lastKnownFileType = sourcecode.c.objc; path = main.m; sourceTree = "<group>"; };
		3E61F3231716D72900FA7C64 /* Tut1-Prefix.pch */ = {isa = PBXFileReference; lastKnownFileType = sourcecode.c.h; path = "Tut1-Prefix.pch"; sourceTree = "<group>"; };
		3E61F3241716D72900FA7C64 /* TUTAppDelegate.h */ = {isa = PBXFileReference; lastKnownFileType = sourcecode.c.h; path = TUTAppDelegate.h; sourceTree = "<group>"; };
		3E61F3251716D72900FA7C64 /* TUTAppDelegate.m */ = {isa = PBXFileReference; lastKnownFileType = sourcecode.c.objc; path = TUTAppDelegate.m; sourceTree = "<group>"; };
		3E61F3271716D72900FA7C64 /* Default.png */ = {isa = PBXFileReference; lastKnownFileType = image.png; path = Default.png; sourceTree = "<group>"; };
		3E61F3291716D72900FA7C64 /* Default@2x.png */ = {isa = PBXFileReference; lastKnownFileType = image.png; path = "Default@2x.png"; sourceTree = "<group>"; };
		3E61F32B1716D72900FA7C64 /* Default-568h@2x.png */ = {isa = PBXFileReference; lastKnownFileType = image.png; path = "Default-568h@2x.png"; sourceTree = "<group>"; };
		3E61F32E1716D72900FA7C64 /* en */ = {isa = PBXFileReference; lastKnownFileType = file.storyboard; name = en; path = en.lproj/MainStoryboard.storyboard; sourceTree = "<group>"; };
		3E61F3301716D72900FA7C64 /* Shader.fsh */ = {isa = PBXFileReference; lastKnownFileType = sourcecode.glsl; name = Shader.fsh; path = Shaders/Shader.fsh; sourceTree = "<group>"; };
		3E61F3321716D72900FA7C64 /* Shader.vsh */ = {isa = PBXFileReference; lastKnownFileType = sourcecode.glsl; name = Shader.vsh; path = Shaders/Shader.vsh; sourceTree = "<group>"; };
		3E61F3341716D72900FA7C64 /* TUTViewController.h */ = {isa = PBXFileReference; lastKnownFileType = sourcecode.c.h; path = TUTViewController.h; sourceTree = "<group>"; };
		3E61F3351716D72900FA7C64 /* TUTViewController.m */ = {isa = PBXFileReference; lastKnownFileType = sourcecode.c.objc; path = TUTViewController.m; sourceTree = "<group>"; };
		3E61F33C1716D72900FA7C64 /* Tut1Tests.octest */ = {isa = PBXFileReference; explicitFileType = wrapper.cfbundle; includeInIndex = 0; path = Tut1Tests.octest; sourceTree = BUILT_PRODUCTS_DIR; };
		3E61F33D1716D72900FA7C64 /* SenTestingKit.framework */ = {isa = PBXFileReference; lastKnownFileType = wrapper.framework; name = SenTestingKit.framework; path = Library/Frameworks/SenTestingKit.framework; sourceTree = DEVELOPER_DIR; };
		3E61F3451716D72900FA7C64 /* Tut1Tests-Info.plist */ = {isa = PBXFileReference; lastKnownFileType = text.plist.xml; path = "Tut1Tests-Info.plist"; sourceTree = "<group>"; };
		3E61F3471716D72900FA7C64 /* en */ = {isa = PBXFileReference; lastKnownFileType = text.plist.strings; name = en; path = en.lproj/InfoPlist.strings; sourceTree = "<group>"; };
		3E61F3491716D72900FA7C64 /* Tut1Tests.h */ = {isa = PBXFileReference; lastKnownFileType = sourcecode.c.h; path = Tut1Tests.h; sourceTree = "<group>"; };
		3E61F34A1716D72900FA7C64 /* Tut1Tests.m */ = {isa = PBXFileReference; lastKnownFileType = sourcecode.c.objc; path = Tut1Tests.m; sourceTree = "<group>"; };
		3E6F90F717EB4FD200B0D280 /* VAOQuad.h */ = {isa = PBXFileReference; fileEncoding = 4; lastKnownFileType = sourcecode.c.h; path = VAOQuad.h; sourceTree = "<group>"; };
		3E6F90F817EB4FD200B0D280 /* VAOQuad.m */ = {isa = PBXFileReference; fileEncoding = 4; lastKnownFileType = sourcecode.c.objc; path = VAOQuad.m; sourceTree = "<group>"; };
		3E98BFBB171C9C8A00C963E3 /* GLSLProgram.h */ = {isa = PBXFileReference; fileEncoding = 4; lastKnownFileType = sourcecode.c.h; path = GLSLProgram.h; sourceTree = "<group>"; };
		3E98BFBC171C9C8A00C963E3 /* GLSLProgram.m */ = {isa = PBXFileReference; fileEncoding = 4; lastKnownFileType = sourcecode.c.objc; path = GLSLProgram.m; sourceTree = "<group>"; };
		3E9ECBAE171D841E002DAB1E /* Shadow.fsh */ = {isa = PBXFileReference; fileEncoding = 4; lastKnownFileType = sourcecode.glsl; name = Shadow.fsh; path = Shaders/Shadow.fsh; sourceTree = "<group>"; };
		3E9ECBB0171D858C002DAB1E /* Shadow.vsh */ = {isa = PBXFileReference; fileEncoding = 4; lastKnownFileType = sourcecode.glsl; name = Shadow.vsh; path = Shaders/Shadow.vsh; sourceTree = "<group>"; };
		3E9ECBB6171D93AA002DAB1E /* FBOShadow.h */ = {isa = PBXFileReference; fileEncoding = 4; lastKnownFileType = sourcecode.c.h; path = FBOShadow.h; sourceTree = "<group>"; };
		3E9ECBB7171D93AA002DAB1E /* FBOShadow.m */ = {isa = PBXFileReference; fileEncoding = 4; lastKnownFileType = sourcecode.c.objc; path = FBOShadow.m; sourceTree = "<group>"; };
		3E9FA53917E71BDE008CB314 /* BlurGaussian5.vsh */ = {isa = PBXFileReference; fileEncoding = 4; lastKnownFileType = sourcecode.glsl; name = BlurGaussian5.vsh; path = Shaders/BlurGaussian5.vsh; sourceTree = "<group>"; };
		3E9FA53B17E71BF8008CB314 /* BlurGaussian5.fsh */ = {isa = PBXFileReference; fileEncoding = 4; lastKnownFileType = sourcecode.glsl; name = BlurGaussian5.fsh; path = Shaders/BlurGaussian5.fsh; sourceTree = "<group>"; };
		3E9FA53D17E71C57008CB314 /* BlurGaussian9.vsh */ = {isa = PBXFileReference; lastKnownFileType = sourcecode.glsl; name = BlurGaussian9.vsh; path = Shaders/BlurGaussian9.vsh; sourceTree = "<group>"; };
		3E9FA53E17E71C6E008CB314 /* BlurGaussian9.fsh */ = {isa = PBXFileReference; lastKnownFileType = sourcecode.glsl; name = BlurGaussian9.fsh; path = Shaders/BlurGaussian9.fsh; sourceTree = "<group>"; };
		3E9FA53F17E71C8E008CB314 /* BlurGaussian13.vsh */ = {isa = PBXFileReference; lastKnownFileType = sourcecode.glsl; name = BlurGaussian13.vsh; path = Shaders/BlurGaussian13.vsh; sourceTree = "<group>"; };
		3E9FA54017E71CA6008CB314 /* BlurGaussian13.fsh */ = {isa = PBXFileReference; lastKnownFileType = sourcecode.glsl; name = BlurGaussian13.fsh; path = Shaders/BlurGaussian13.fsh; sourceTree = "<group>"; };
		3E9FA54117E71CBE008CB314 /* BlurGaussian17.vsh */ = {isa = PBXFileReference; lastKnownFileType = sourcecode.glsl; name = BlurGaussian17.vsh; path = Shaders/BlurGaussian17.vsh; sourceTree = "<group>"; };
		3E9FA54217E71CD5008CB314 /* BlurGaussian17.fsh */ = {isa = PBXFileReference; lastKnownFileType = sourcecode.glsl; name = BlurGaussian17.fsh; path = Shaders/BlurGaussian17.fsh; sourceTree = "<group>"; };
		3E9FA54317E71CE9008CB314 /* BlurGaussian21.vsh */ = {isa = PBXFileReference; lastKnownFileType = sourcecode.glsl; name = BlurGaussian21.vsh; path = Shaders/BlurGaussian21.vsh; sourceTree = "<group>"; };
		3E9FA54417E71CFB008CB314 /* BlurGaussian21.fsh */ = {isa = PBXFileReference; lastKnownFileType = sourcecode.glsl; name = BlurGaussian21.fsh; path = Shaders/BlurGaussian21.fsh; sourceTree = "<group>"; };
		3E9FA54517E72515008CB314 /* BlurGaussian25.vsh */ = {isa = PBXFileReference; lastKnownFileType = sourcecode.glsl; name = BlurGaussian25.vsh; path = Shaders/BlurGaussian25.vsh; sourceTree = "<group>"; };
		3E9FA54617E72535008CB314 /* BlurGaussian25.fsh */ = {isa = PBXFileReference; lastKnownFileType = sourcecode.glsl; name = BlurGaussian25.fsh; path = Shaders/BlurGaussian25.fsh; sourceTree = "<group>"; };
		3E9FA55317E72937008CB314 /* GLSLBlur.h */ = {isa = PBXFileReference; fileEncoding = 4; lastKnownFileType = sourcecode.c.h; path = GLSLBlur.h; sourceTree = "<group>"; };
		3E9FA55417E72937008CB314 /* GLSLBlur.m */ = {isa = PBXFileReference; fileEncoding = 4; lastKnownFileType = sourcecode.c.objc; path = GLSLBlur.m; sourceTree = "<group>"; };
		3EA1F7D01738049900FEC22E /* VBOCylinder.h */ = {isa = PBXFileReference; fileEncoding = 4; lastKnownFileType = sourcecode.c.h; path = VBOCylinder.h; sourceTree = "<group>"; };
		3EA1F7D11738049900FEC22E /* VBOCylinder.m */ = {isa = PBXFileReference; fileEncoding = 4; lastKnownFileType = sourcecode.c.objc; path = VBOCylinder.m; sourceTree = "<group>"; };
		3EB41E2617DCB6B400921428 /* FBOCaptureMSAA.h */ = {isa = PBXFileReference; fileEncoding = 4; lastKnownFileType = sourcecode.c.h; path = FBOCaptureMSAA.h; sourceTree = "<group>"; };
		3EB41E2717DCB6B400921428 /* FBOCaptureMSAA.m */ = {isa = PBXFileReference; fileEncoding = 4; lastKnownFileType = sourcecode.c.objc; path = FBOCaptureMSAA.m; sourceTree = "<group>"; };
		3EB41E2917DCE79800921428 /* FBOCapture.h */ = {isa = PBXFileReference; fileEncoding = 4; lastKnownFileType = sourcecode.c.h; path = FBOCapture.h; sourceTree = "<group>"; };
		3EB41E2A17DCE79800921428 /* FBOCapture.m */ = {isa = PBXFileReference; fileEncoding = 4; lastKnownFileType = sourcecode.c.objc; path = FBOCapture.m; sourceTree = "<group>"; };
		3EB41E2C17DD025100921428 /* FBOCaptureNone.h */ = {isa = PBXFileReference; fileEncoding = 4; lastKnownFileType = sourcecode.c.h; path = FBOCaptureNone.h; sourceTree = "<group>"; };
		3EB41E2D17DD025100921428 /* FBOCaptureNone.m */ = {isa = PBXFileReference; fileEncoding = 4; lastKnownFileType = sourcecode.c.objc; path = FBOCaptureNone.m; sourceTree = "<group>"; };
		3EBC8D18173913A500E5DC93 /* BloomHigh.fsh */ = {isa = PBXFileReference; fileEncoding = 4; lastKnownFileType = sourcecode.glsl; name = BloomHigh.fsh; path = Shaders/BloomHigh.fsh; sourceTree = "<group>"; };
		3EBC8D1A173913BC00E5DC93 /* BloomHigh.vsh */ = {isa = PBXFileReference; lastKnownFileType = sourcecode.glsl; name = BloomHigh.vsh; path = Shaders/BloomHigh.vsh; sourceTree = "<group>"; };
		3EBC8D1D173956C900E5DC93 /* BloomCombine4.vsh */ = {isa = PBXFileReference; lastKnownFileType = sourcecode.glsl; name = BloomCombine4.vsh; path = Shaders/BloomCombine4.vsh; sourceTree = "<group>"; };
		3EBC8D1E173956DE00E5DC93 /* BloomCombine4.fsh */ = {isa = PBXFileReference; lastKnownFileType = sourcecode.glsl; name = BloomCombine4.fsh; path = Shaders/BloomCombine4.fsh; sourceTree = "<group>"; };
		3EC0A8BD172D86F300618EA1 /* common.vsh */ = {isa = PBXFileReference; fileEncoding = 4; lastKnownFileType = sourcecode.glsl; name = common.vsh; path = Shaders/common.vsh; sourceTree = "<group>"; };
		3EC0A8BF172D87D900618EA1 /* common.fsh */ = {isa = PBXFileReference; fileEncoding = 4; lastKnownFileType = sourcecode.glsl; name = common.fsh; path = Shaders/common.fsh; sourceTree = "<group>"; };
		3ECB662A17E8C4AF00D45CF7 /* texture1.jpg */ = {isa = PBXFileReference; lastKnownFileType = image.jpeg; name = texture1.jpg; path = Images/texture1.jpg; sourceTree = "<group>"; };
		3ECB662C17E8C6BD00D45CF7 /* backsp9.jpg */ = {isa = PBXFileReference; lastKnownFileType = image.jpeg; name = backsp9.jpg; path = Images/backsp9.jpg; sourceTree = "<group>"; };
		3ECB662D17E8C6BD00D45CF7 /* botsp9.jpg */ = {isa = PBXFileReference; lastKnownFileType = image.jpeg; name = botsp9.jpg; path = Images/botsp9.jpg; sourceTree = "<group>"; };
		3ECB662E17E8C6BD00D45CF7 /* frontsp9.jpg */ = {isa = PBXFileReference; lastKnownFileType = image.jpeg; name = frontsp9.jpg; path = Images/frontsp9.jpg; sourceTree = "<group>"; };
		3ECB662F17E8C6BD00D45CF7 /* leftsp9.jpg */ = {isa = PBXFileReference; lastKnownFileType = image.jpeg; name = leftsp9.jpg; path = Images/leftsp9.jpg; sourceTree = "<group>"; };
		3ECB663017E8C6BD00D45CF7 /* rightsp9.jpg */ = {isa = PBXFileReference; lastKnownFileType = image.jpeg; name = rightsp9.jpg; path = Images/rightsp9.jpg; sourceTree = "<group>"; };
		3ECB663117E8C6BD00D45CF7 /* topsp9.jpg */ = {isa = PBXFileReference; lastKnownFileType = image.jpeg; name = topsp9.jpg; path = Images/topsp9.jpg; sourceTree = "<group>"; };
		3ED7E0761735A56000E2E4A7 /* VBOScreenQuad.h */ = {isa = PBXFileReference; fileEncoding = 4; lastKnownFileType = sourcecode.c.h; path = VBOScreenQuad.h; sourceTree = "<group>"; };
		3ED7E0771735A56000E2E4A7 /* VBOScreenQuad.m */ = {isa = PBXFileReference; fileEncoding = 4; lastKnownFileType = sourcecode.c.objc; path = VBOScreenQuad.m; sourceTree = "<group>"; };
		3EDED414173426B900197E64 /* BlurBox5.vsh */ = {isa = PBXFileReference; fileEncoding = 4; lastKnownFileType = sourcecode.glsl; name = BlurBox5.vsh; path = Shaders/BlurBox5.vsh; sourceTree = "<group>"; };
		3EDED416173427E900197E64 /* BlurBox5.fsh */ = {isa = PBXFileReference; fileEncoding = 4; lastKnownFileType = sourcecode.glsl; name = BlurBox5.fsh; path = Shaders/BlurBox5.fsh; sourceTree = "<group>"; };
		3EE5C09C172D3FBD001E30EC /* ShaderTexture.fsh */ = {isa = PBXFileReference; fileEncoding = 4; lastKnownFileType = sourcecode.glsl; name = ShaderTexture.fsh; path = Shaders/ShaderTexture.fsh; sourceTree = "<group>"; };
		3EE5C09D172D3FBD001E30EC /* ShaderTexture.vsh */ = {isa = PBXFileReference; fileEncoding = 4; lastKnownFileType = sourcecode.glsl; name = ShaderTexture.vsh; path = Shaders/ShaderTexture.vsh; sourceTree = "<group>"; };
		3EEA6EF3171F5019006B9B91 /* Debug.fsh */ = {isa = PBXFileReference; fileEncoding = 4; lastKnownFileType = sourcecode.glsl; name = Debug.fsh; path = Shaders/Debug.fsh; sourceTree = "<group>"; };
		3EEA6EF4171F5019006B9B91 /* Debug.vsh */ = {isa = PBXFileReference; fileEncoding = 4; lastKnownFileType = sourcecode.glsl; name = Debug.vsh; path = Shaders/Debug.vsh; sourceTree = "<group>"; };
/* End PBXFileReference section */

/* Begin PBXFrameworksBuildPhase section */
		3E61F30B1716D72900FA7C64 /* Frameworks */ = {
			isa = PBXFrameworksBuildPhase;
			buildActionMask = 2147483647;
			files = (
				3E61F3121716D72900FA7C64 /* UIKit.framework in Frameworks */,
				3E61F3141716D72900FA7C64 /* Foundation.framework in Frameworks */,
				3E61F3161716D72900FA7C64 /* CoreGraphics.framework in Frameworks */,
				3E61F3181716D72900FA7C64 /* GLKit.framework in Frameworks */,
				3E61F31A1716D72900FA7C64 /* OpenGLES.framework in Frameworks */,
			);
			runOnlyForDeploymentPostprocessing = 0;
		};
		3E61F3381716D72900FA7C64 /* Frameworks */ = {
			isa = PBXFrameworksBuildPhase;
			buildActionMask = 2147483647;
			files = (
				3E61F33E1716D72900FA7C64 /* SenTestingKit.framework in Frameworks */,
				3E61F33F1716D72900FA7C64 /* UIKit.framework in Frameworks */,
				3E61F3401716D72900FA7C64 /* Foundation.framework in Frameworks */,
			);
			runOnlyForDeploymentPostprocessing = 0;
		};
/* End PBXFrameworksBuildPhase section */

/* Begin PBXGroup section */
		3E3AA7AC1731849200527441 /* Shaders */ = {
			isa = PBXGroup;
			children = (
				3EE5C09D172D3FBD001E30EC /* ShaderTexture.vsh */,
				3EE5C09C172D3FBD001E30EC /* ShaderTexture.fsh */,
				3E61F3321716D72900FA7C64 /* Shader.vsh */,
				3E61F3301716D72900FA7C64 /* Shader.fsh */,
				3EC0A8BD172D86F300618EA1 /* common.vsh */,
				3EC0A8BF172D87D900618EA1 /* common.fsh */,
				3E9ECBB0171D858C002DAB1E /* Shadow.vsh */,
				3E9ECBAE171D841E002DAB1E /* Shadow.fsh */,
				3EEA6EF4171F5019006B9B91 /* Debug.vsh */,
				3EEA6EF3171F5019006B9B91 /* Debug.fsh */,
				3EDED414173426B900197E64 /* BlurBox5.vsh */,
				3EDED416173427E900197E64 /* BlurBox5.fsh */,
				3EBC8D1A173913BC00E5DC93 /* BloomHigh.vsh */,
				3EBC8D18173913A500E5DC93 /* BloomHigh.fsh */,
				3EBC8D1D173956C900E5DC93 /* BloomCombine4.vsh */,
				3EBC8D1E173956DE00E5DC93 /* BloomCombine4.fsh */,
				3E9FA53917E71BDE008CB314 /* BlurGaussian5.vsh */,
				3E9FA53B17E71BF8008CB314 /* BlurGaussian5.fsh */,
				3E9FA53D17E71C57008CB314 /* BlurGaussian9.vsh */,
				3E9FA53E17E71C6E008CB314 /* BlurGaussian9.fsh */,
				3E9FA53F17E71C8E008CB314 /* BlurGaussian13.vsh */,
				3E9FA54017E71CA6008CB314 /* BlurGaussian13.fsh */,
				3E9FA54117E71CBE008CB314 /* BlurGaussian17.vsh */,
				3E9FA54217E71CD5008CB314 /* BlurGaussian17.fsh */,
				3E9FA54317E71CE9008CB314 /* BlurGaussian21.vsh */,
				3E9FA54417E71CFB008CB314 /* BlurGaussian21.fsh */,
				3E9FA54517E72515008CB314 /* BlurGaussian25.vsh */,
				3E9FA54617E72535008CB314 /* BlurGaussian25.fsh */,
			);
			name = Shaders;
			sourceTree = "<group>";
		};
		3E61F3051716D72900FA7C64 = {
			isa = PBXGroup;
			children = (
				3E61F31B1716D72900FA7C64 /* Tut1 */,
				3E61F3431716D72900FA7C64 /* Tut1Tests */,
				3E61F3101716D72900FA7C64 /* Frameworks */,
				3E61F30F1716D72900FA7C64 /* Products */,
			);
			sourceTree = "<group>";
			usesTabs = 0;
		};
		3E61F30F1716D72900FA7C64 /* Products */ = {
			isa = PBXGroup;
			children = (
				3E61F30E1716D72900FA7C64 /* Tut1.app */,
				3E61F33C1716D72900FA7C64 /* Tut1Tests.octest */,
			);
			name = Products;
			sourceTree = "<group>";
		};
		3E61F3101716D72900FA7C64 /* Frameworks */ = {
			isa = PBXGroup;
			children = (
				3E61F3111716D72900FA7C64 /* UIKit.framework */,
				3E61F3131716D72900FA7C64 /* Foundation.framework */,
				3E61F3151716D72900FA7C64 /* CoreGraphics.framework */,
				3E61F3171716D72900FA7C64 /* GLKit.framework */,
				3E61F3191716D72900FA7C64 /* OpenGLES.framework */,
				3E61F33D1716D72900FA7C64 /* SenTestingKit.framework */,
			);
			name = Frameworks;
			sourceTree = "<group>";
		};
		3E61F31B1716D72900FA7C64 /* Tut1 */ = {
			isa = PBXGroup;
			children = (
				3ECB662417E8C49800D45CF7 /* Images */,
				3E61F3241716D72900FA7C64 /* TUTAppDelegate.h */,
				3E61F3251716D72900FA7C64 /* TUTAppDelegate.m */,
				3E61F32D1716D72900FA7C64 /* MainStoryboard.storyboard */,
				3E61F3341716D72900FA7C64 /* TUTViewController.h */,
				3E61F3351716D72900FA7C64 /* TUTViewController.m */,
				3E61F31C1716D72900FA7C64 /* Supporting Files */,
				3E5B5B5F171B0B8900DFFD87 /* Utils.h */,
				3E3AA7B71731B5F800527441 /* Utils.c */,
				3E3AA7AC1731849200527441 /* Shaders */,
				3E5B5B56171AC5C400DFFD87 /* VBOTeapot.h */,
				3E5B5B57171AC5C400DFFD87 /* VBOTeapot.m */,
				3E5B5B5C171B07B600DFFD87 /* VBOFloor.h */,
				3E5B5B5D171B07B600DFFD87 /* VBOFloor.m */,
				3E5B5B60171B19F600DFFD87 /* VBOTorus.h */,
				3E5B5B61171B19F600DFFD87 /* VBOTorus.m */,
				3ED7E0761735A56000E2E4A7 /* VBOScreenQuad.h */,
				3ED7E0771735A56000E2E4A7 /* VBOScreenQuad.m */,
				3E6F90F717EB4FD200B0D280 /* VAOQuad.h */,
				3E6F90F817EB4FD200B0D280 /* VAOQuad.m */,
				3EA1F7D01738049900FEC22E /* VBOCylinder.h */,
				3EA1F7D11738049900FEC22E /* VBOCylinder.m */,
				3E98BFBB171C9C8A00C963E3 /* GLSLProgram.h */,
				3E98BFBC171C9C8A00C963E3 /* GLSLProgram.m */,
				3E9FA55317E72937008CB314 /* GLSLBlur.h */,
				3E9FA55417E72937008CB314 /* GLSLBlur.m */,
				3E9ECBB6171D93AA002DAB1E /* FBOShadow.h */,
				3E9ECBB7171D93AA002DAB1E /* FBOShadow.m */,
				3E2312CD172EE67E00FE2C77 /* FBOBloom.h */,
				3E2312CE172EE67E00FE2C77 /* FBOBloom.m */,
				3EB41E2917DCE79800921428 /* FBOCapture.h */,
				3EB41E2A17DCE79800921428 /* FBOCapture.m */,
				3EB41E2C17DD025100921428 /* FBOCaptureNone.h */,
				3EB41E2D17DD025100921428 /* FBOCaptureNone.m */,
				3EB41E2617DCB6B400921428 /* FBOCaptureMSAA.h */,
				3EB41E2717DCB6B400921428 /* FBOCaptureMSAA.m */,
				3E6107B7171E078800259DAB /* Camera.h */,
				3E6107B8171E078800259DAB /* Camera.m */,
				3E6107BA171E13AB00259DAB /* Drawable.h */,
				3E6107BB171E13AB00259DAB /* Drawable.m */,
				3E6107BF171E270B00259DAB /* Light.h */,
				3E6107C0171E270B00259DAB /* Light.m */,
				3E6107C2171E292600259DAB /* SceneEffect.h */,
				3E6107C3171E292600259DAB /* SceneEffect.m */,
				3E22F8EA171EE19B00EA85A7 /* ProjectionInfo.h */,
				3E22F8EB171EE19B00EA85A7 /* ProjectionInfo.m */,
				3E22F8F0171EE3BD00EA85A7 /* ViewInfo.h */,
				3E22F8F1171EE3BD00EA85A7 /* ViewInfo.m */,
				3E22F8F3171F062500EA85A7 /* Effect.h */,
			);
			path = Tut1;
			sourceTree = "<group>";
		};
		3E61F31C1716D72900FA7C64 /* Supporting Files */ = {
			isa = PBXGroup;
			children = (
				3E61F31D1716D72900FA7C64 /* Tut1-Info.plist */,
				3E61F31E1716D72900FA7C64 /* InfoPlist.strings */,
				3E61F3211716D72900FA7C64 /* main.m */,
				3E61F3231716D72900FA7C64 /* Tut1-Prefix.pch */,
				3E61F3271716D72900FA7C64 /* Default.png */,
				3E61F3291716D72900FA7C64 /* Default@2x.png */,
				3E61F32B1716D72900FA7C64 /* Default-568h@2x.png */,
			);
			name = "Supporting Files";
			sourceTree = "<group>";
		};
		3E61F3431716D72900FA7C64 /* Tut1Tests */ = {
			isa = PBXGroup;
			children = (
				3E61F3491716D72900FA7C64 /* Tut1Tests.h */,
				3E61F34A1716D72900FA7C64 /* Tut1Tests.m */,
				3E61F3441716D72900FA7C64 /* Supporting Files */,
			);
			path = Tut1Tests;
			sourceTree = "<group>";
		};
		3E61F3441716D72900FA7C64 /* Supporting Files */ = {
			isa = PBXGroup;
			children = (
				3E61F3451716D72900FA7C64 /* Tut1Tests-Info.plist */,
				3E61F3461716D72900FA7C64 /* InfoPlist.strings */,
			);
			name = "Supporting Files";
			sourceTree = "<group>";
		};
		3ECB662417E8C49800D45CF7 /* Images */ = {
			isa = PBXGroup;
			children = (
				3ECB662C17E8C6BD00D45CF7 /* backsp9.jpg */,
				3ECB662D17E8C6BD00D45CF7 /* botsp9.jpg */,
				3ECB662E17E8C6BD00D45CF7 /* frontsp9.jpg */,
				3ECB662F17E8C6BD00D45CF7 /* leftsp9.jpg */,
				3ECB663017E8C6BD00D45CF7 /* rightsp9.jpg */,
				3ECB663117E8C6BD00D45CF7 /* topsp9.jpg */,
				3ECB662A17E8C4AF00D45CF7 /* texture1.jpg */,
			);
			name = Images;
			sourceTree = "<group>";
		};
/* End PBXGroup section */

/* Begin PBXNativeTarget section */
		3E61F30D1716D72900FA7C64 /* Tut1 */ = {
			isa = PBXNativeTarget;
			buildConfigurationList = 3E61F34E1716D72900FA7C64 /* Build configuration list for PBXNativeTarget "Tut1" */;
			buildPhases = (
				3E61F30A1716D72900FA7C64 /* Sources */,
				3E61F30B1716D72900FA7C64 /* Frameworks */,
				3E61F30C1716D72900FA7C64 /* Resources */,
			);
			buildRules = (
			);
			dependencies = (
			);
			name = Tut1;
			productName = Tut1;
			productReference = 3E61F30E1716D72900FA7C64 /* Tut1.app */;
			productType = "com.apple.product-type.application";
		};
		3E61F33B1716D72900FA7C64 /* Tut1Tests */ = {
			isa = PBXNativeTarget;
			buildConfigurationList = 3E61F3511716D72900FA7C64 /* Build configuration list for PBXNativeTarget "Tut1Tests" */;
			buildPhases = (
				3E61F3371716D72900FA7C64 /* Sources */,
				3E61F3381716D72900FA7C64 /* Frameworks */,
				3E61F3391716D72900FA7C64 /* Resources */,
				3E61F33A1716D72900FA7C64 /* ShellScript */,
			);
			buildRules = (
			);
			dependencies = (
				3E61F3421716D72900FA7C64 /* PBXTargetDependency */,
			);
			name = Tut1Tests;
			productName = Tut1Tests;
			productReference = 3E61F33C1716D72900FA7C64 /* Tut1Tests.octest */;
			productType = "com.apple.product-type.bundle";
		};
/* End PBXNativeTarget section */

/* Begin PBXProject section */
		3E61F3061716D72900FA7C64 /* Project object */ = {
			isa = PBXProject;
			attributes = {
				CLASSPREFIX = TUT;
				LastUpgradeCheck = 0460;
				ORGANIZATIONNAME = Evgenij;
			};
			buildConfigurationList = 3E61F3091716D72900FA7C64 /* Build configuration list for PBXProject "Tut1" */;
			compatibilityVersion = "Xcode 3.2";
			developmentRegion = English;
			hasScannedForEncodings = 0;
			knownRegions = (
				en,
			);
			mainGroup = 3E61F3051716D72900FA7C64;
			productRefGroup = 3E61F30F1716D72900FA7C64 /* Products */;
			projectDirPath = "";
			projectRoot = "";
			targets = (
				3E61F30D1716D72900FA7C64 /* Tut1 */,
				3E61F33B1716D72900FA7C64 /* Tut1Tests */,
			);
		};
/* End PBXProject section */

/* Begin PBXResourcesBuildPhase section */
		3E61F30C1716D72900FA7C64 /* Resources */ = {
			isa = PBXResourcesBuildPhase;
			buildActionMask = 2147483647;
			files = (
				3ECB663217E8C6C800D45CF7 /* backsp9.jpg in Resources */,
				3ECB663317E8C6C800D45CF7 /* botsp9.jpg in Resources */,
				3ECB663417E8C6C800D45CF7 /* frontsp9.jpg in Resources */,
				3ECB663517E8C6C800D45CF7 /* leftsp9.jpg in Resources */,
				3ECB663617E8C6C800D45CF7 /* rightsp9.jpg in Resources */,
				3ECB663717E8C6C800D45CF7 /* topsp9.jpg in Resources */,
				3ECB663817E8C6C800D45CF7 /* texture1.jpg in Resources */,
				3E9FA54717E728F1008CB314 /* BlurGaussian5.vsh in Resources */,
				3E9FA54817E728F1008CB314 /* BlurGaussian5.fsh in Resources */,
				3E9FA54917E728F1008CB314 /* BlurGaussian9.vsh in Resources */,
				3E9FA54A17E728F1008CB314 /* BlurGaussian9.fsh in Resources */,
				3E9FA54B17E728F1008CB314 /* BlurGaussian13.vsh in Resources */,
				3E9FA54C17E728F1008CB314 /* BlurGaussian13.fsh in Resources */,
				3E9FA54D17E728F1008CB314 /* BlurGaussian17.vsh in Resources */,
				3E9FA54E17E728F1008CB314 /* BlurGaussian17.fsh in Resources */,
				3E9FA54F17E728F1008CB314 /* BlurGaussian21.vsh in Resources */,
				3E9FA55017E728F1008CB314 /* BlurGaussian21.fsh in Resources */,
				3E9FA55117E728F1008CB314 /* BlurGaussian25.vsh in Resources */,
				3E9FA55217E728F1008CB314 /* BlurGaussian25.fsh in Resources */,
				3EBC8D2017395AFD00E5DC93 /* BloomCombine4.vsh in Resources */,
				3EBC8D1F17395AFA00E5DC93 /* BloomCombine4.fsh in Resources */,
				3EBC8D1C173913D300E5DC93 /* BloomHigh.vsh in Resources */,
				3EBC8D1B173913CF00E5DC93 /* BloomHigh.fsh in Resources */,
				3EDED4191734551A00197E64 /* BlurBox5.vsh in Resources */,
				3EDED4181734551500197E64 /* BlurBox5.fsh in Resources */,
				3EC0A8C1172D8AE800618EA1 /* common.vsh in Resources */,
				3EC0A8C2172D8AED00618EA1 /* common.fsh in Resources */,
				3EE5C0A0172D5F3A001E30EC /* ShaderTexture.vsh in Resources */,
				3EE5C0A1172D5F43001E30EC /* ShaderTexture.fsh in Resources */,
				3EEA6EF8171F502F006B9B91 /* Debug.vsh in Resources */,
				3EEA6EF7171F502D006B9B91 /* Debug.fsh in Resources */,
				3E61F3201716D72900FA7C64 /* InfoPlist.strings in Resources */,
				3E61F3281716D72900FA7C64 /* Default.png in Resources */,
				3E61F32A1716D72900FA7C64 /* Default@2x.png in Resources */,
				3E61F32C1716D72900FA7C64 /* Default-568h@2x.png in Resources */,
				3E61F32F1716D72900FA7C64 /* MainStoryboard.storyboard in Resources */,
				3E61F3311716D72900FA7C64 /* Shader.fsh in Resources */,
				3E61F3331716D72900FA7C64 /* Shader.vsh in Resources */,
				3E9ECBB2171D88EC002DAB1E /* Shadow.vsh in Resources */,
				3E9ECBAF171D841E002DAB1E /* Shadow.fsh in Resources */,
			);
			runOnlyForDeploymentPostprocessing = 0;
		};
		3E61F3391716D72900FA7C64 /* Resources */ = {
			isa = PBXResourcesBuildPhase;
			buildActionMask = 2147483647;
			files = (
				3E61F3481716D72900FA7C64 /* InfoPlist.strings in Resources */,
			);
			runOnlyForDeploymentPostprocessing = 0;
		};
/* End PBXResourcesBuildPhase section */

/* Begin PBXShellScriptBuildPhase section */
		3E61F33A1716D72900FA7C64 /* ShellScript */ = {
			isa = PBXShellScriptBuildPhase;
			buildActionMask = 2147483647;
			files = (
			);
			inputPaths = (
			);
			outputPaths = (
			);
			runOnlyForDeploymentPostprocessing = 0;
			shellPath = /bin/sh;
			shellScript = "# Run the unit tests in this test bundle.\n\"${SYSTEM_DEVELOPER_DIR}/Tools/RunUnitTests\"\n";
		};
/* End PBXShellScriptBuildPhase section */

/* Begin PBXSourcesBuildPhase section */
		3E61F30A1716D72900FA7C64 /* Sources */ = {
			isa = PBXSourcesBuildPhase;
			buildActionMask = 2147483647;
			files = (
				3E61F3221716D72900FA7C64 /* main.m in Sources */,
				3E61F3261716D72900FA7C64 /* TUTAppDelegate.m in Sources */,
				3E61F3361716D72900FA7C64 /* TUTViewController.m in Sources */,
				3E5B5B58171AC5C400DFFD87 /* VBOTeapot.m in Sources */,
				3E5B5B5E171B07B600DFFD87 /* VBOFloor.m in Sources */,
				3E5B5B62171B19F600DFFD87 /* VBOTorus.m in Sources */,
				3E98BFBD171C9C8A00C963E3 /* GLSLProgram.m in Sources */,
				3E9ECBB8171D93AA002DAB1E /* FBOShadow.m in Sources */,
				3E6107B9171E078800259DAB /* Camera.m in Sources */,
				3E6107BC171E13AB00259DAB /* Drawable.m in Sources */,
				3E6107C1171E270B00259DAB /* Light.m in Sources */,
				3E6107C4171E292600259DAB /* SceneEffect.m in Sources */,
				3E22F8EC171EE19B00EA85A7 /* ProjectionInfo.m in Sources */,
				3E22F8F2171EE3BD00EA85A7 /* ViewInfo.m in Sources */,
				3E2312CF172EE67E00FE2C77 /* FBOBloom.m in Sources */,
				3E3AA7B81731B5F800527441 /* Utils.c in Sources */,
				3ED7E0781735A56000E2E4A7 /* VBOScreenQuad.m in Sources */,
				3EA1F7D21738049900FEC22E /* VBOCylinder.m in Sources */,
				3EB41E2817DCB6B400921428 /* FBOCaptureMSAA.m in Sources */,
				3EB41E2B17DCE79800921428 /* FBOCapture.m in Sources */,
				3EB41E2E17DD025100921428 /* FBOCaptureNone.m in Sources */,
				3E9FA55517E72937008CB314 /* GLSLBlur.m in Sources */,
				3E6F90F917EB4FD200B0D280 /* VAOQuad.m in Sources */,
			);
			runOnlyForDeploymentPostprocessing = 0;
		};
		3E61F3371716D72900FA7C64 /* Sources */ = {
			isa = PBXSourcesBuildPhase;
			buildActionMask = 2147483647;
			files = (
				3E61F34B1716D72900FA7C64 /* Tut1Tests.m in Sources */,
			);
			runOnlyForDeploymentPostprocessing = 0;
		};
/* End PBXSourcesBuildPhase section */

/* Begin PBXTargetDependency section */
		3E61F3421716D72900FA7C64 /* PBXTargetDependency */ = {
			isa = PBXTargetDependency;
			target = 3E61F30D1716D72900FA7C64 /* Tut1 */;
			targetProxy = 3E61F3411716D72900FA7C64 /* PBXContainerItemProxy */;
		};
/* End PBXTargetDependency section */

/* Begin PBXVariantGroup section */
		3E61F31E1716D72900FA7C64 /* InfoPlist.strings */ = {
			isa = PBXVariantGroup;
			children = (
				3E61F31F1716D72900FA7C64 /* en */,
			);
			name = InfoPlist.strings;
			sourceTree = "<group>";
		};
		3E61F32D1716D72900FA7C64 /* MainStoryboard.storyboard */ = {
			isa = PBXVariantGroup;
			children = (
				3E61F32E1716D72900FA7C64 /* en */,
			);
			name = MainStoryboard.storyboard;
			sourceTree = "<group>";
		};
		3E61F3461716D72900FA7C64 /* InfoPlist.strings */ = {
			isa = PBXVariantGroup;
			children = (
				3E61F3471716D72900FA7C64 /* en */,
			);
			name = InfoPlist.strings;
			sourceTree = "<group>";
		};
/* End PBXVariantGroup section */

/* Begin XCBuildConfiguration section */
		3E61F34C1716D72900FA7C64 /* Debug */ = {
			isa = XCBuildConfiguration;
			buildSettings = {
				ALWAYS_SEARCH_USER_PATHS = NO;
				CLANG_CXX_LANGUAGE_STANDARD = "gnu++0x";
				CLANG_CXX_LIBRARY = "libc++";
				CLANG_ENABLE_OBJC_ARC = YES;
				CLANG_WARN_CONSTANT_CONVERSION = YES;
				CLANG_WARN_EMPTY_BODY = YES;
				CLANG_WARN_ENUM_CONVERSION = YES;
				CLANG_WARN_INT_CONVERSION = YES;
				CLANG_WARN__DUPLICATE_METHOD_MATCH = YES;
				"CODE_SIGN_IDENTITY[sdk=iphoneos*]" = "iPhone Developer";
				COPY_PHASE_STRIP = NO;
				GCC_C_LANGUAGE_STANDARD = gnu99;
				GCC_DYNAMIC_NO_PIC = NO;
				GCC_OPTIMIZATION_LEVEL = 0;
				GCC_PREPROCESSOR_DEFINITIONS = (
					"DEBUG=1",
					"$(inherited)",
				);
				GCC_SYMBOLS_PRIVATE_EXTERN = NO;
				GCC_WARN_ABOUT_RETURN_TYPE = YES;
				GCC_WARN_UNINITIALIZED_AUTOS = YES;
				GCC_WARN_UNUSED_VARIABLE = YES;
				IPHONEOS_DEPLOYMENT_TARGET = 6.1;
				ONLY_ACTIVE_ARCH = YES;
				SDKROOT = iphoneos;
			};
			name = Debug;
		};
		3E61F34D1716D72900FA7C64 /* Release */ = {
			isa = XCBuildConfiguration;
			buildSettings = {
				ALWAYS_SEARCH_USER_PATHS = NO;
				CLANG_CXX_LANGUAGE_STANDARD = "gnu++0x";
				CLANG_CXX_LIBRARY = "libc++";
				CLANG_ENABLE_OBJC_ARC = YES;
				CLANG_WARN_CONSTANT_CONVERSION = YES;
				CLANG_WARN_EMPTY_BODY = YES;
				CLANG_WARN_ENUM_CONVERSION = YES;
				CLANG_WARN_INT_CONVERSION = YES;
				CLANG_WARN__DUPLICATE_METHOD_MATCH = YES;
				"CODE_SIGN_IDENTITY[sdk=iphoneos*]" = "iPhone Developer";
				COPY_PHASE_STRIP = YES;
				GCC_C_LANGUAGE_STANDARD = gnu99;
				GCC_WARN_ABOUT_RETURN_TYPE = YES;
				GCC_WARN_UNINITIALIZED_AUTOS = YES;
				GCC_WARN_UNUSED_VARIABLE = YES;
				IPHONEOS_DEPLOYMENT_TARGET = 6.1;
				OTHER_CFLAGS = "-DNS_BLOCK_ASSERTIONS=1";
				SDKROOT = iphoneos;
				VALIDATE_PRODUCT = YES;
			};
			name = Release;
		};
		3E61F34F1716D72900FA7C64 /* Debug */ = {
			isa = XCBuildConfiguration;
			buildSettings = {
				GCC_PRECOMPILE_PREFIX_HEADER = YES;
				GCC_PREFIX_HEADER = "Tut1/Tut1-Prefix.pch";
				INFOPLIST_FILE = "Tut1/Tut1-Info.plist";
				IPHONEOS_DEPLOYMENT_TARGET = 6.1;
				PRODUCT_NAME = "$(TARGET_NAME)";
				SDKROOT = iphoneos6.1;
				TARGETED_DEVICE_FAMILY = 1;
				WRAPPER_EXTENSION = app;
			};
			name = Debug;
		};
		3E61F3501716D72900FA7C64 /* Release */ = {
			isa = XCBuildConfiguration;
			buildSettings = {
				GCC_PRECOMPILE_PREFIX_HEADER = YES;
				GCC_PREFIX_HEADER = "Tut1/Tut1-Prefix.pch";
				INFOPLIST_FILE = "Tut1/Tut1-Info.plist";
				IPHONEOS_DEPLOYMENT_TARGET = 6.1;
				PRODUCT_NAME = "$(TARGET_NAME)";
				SDKROOT = iphoneos6.1;
				TARGETED_DEVICE_FAMILY = 1;
				WRAPPER_EXTENSION = app;
			};
			name = Release;
		};
		3E61F3521716D72900FA7C64 /* Debug */ = {
			isa = XCBuildConfiguration;
			buildSettings = {
				BUNDLE_LOADER = "$(BUILT_PRODUCTS_DIR)/Tut1.app/Tut1";
				FRAMEWORK_SEARCH_PATHS = (
					"\"$(SDKROOT)/Developer/Library/Frameworks\"",
					"\"$(DEVELOPER_LIBRARY_DIR)/Frameworks\"",
				);
				GCC_PRECOMPILE_PREFIX_HEADER = YES;
				GCC_PREFIX_HEADER = "Tut1/Tut1-Prefix.pch";
				INFOPLIST_FILE = "Tut1Tests/Tut1Tests-Info.plist";
				PRODUCT_NAME = "$(TARGET_NAME)";
				TEST_HOST = "$(BUNDLE_LOADER)";
				WRAPPER_EXTENSION = octest;
			};
			name = Debug;
		};
		3E61F3531716D72900FA7C64 /* Release */ = {
			isa = XCBuildConfiguration;
			buildSettings = {
				BUNDLE_LOADER = "$(BUILT_PRODUCTS_DIR)/Tut1.app/Tut1";
				FRAMEWORK_SEARCH_PATHS = (
					"\"$(SDKROOT)/Developer/Library/Frameworks\"",
					"\"$(DEVELOPER_LIBRARY_DIR)/Frameworks\"",
				);
				GCC_PRECOMPILE_PREFIX_HEADER = YES;
				GCC_PREFIX_HEADER = "Tut1/Tut1-Prefix.pch";
				INFOPLIST_FILE = "Tut1Tests/Tut1Tests-Info.plist";
				PRODUCT_NAME = "$(TARGET_NAME)";
				TEST_HOST = "$(BUNDLE_LOADER)";
				WRAPPER_EXTENSION = octest;
			};
			name = Release;
		};
/* End XCBuildConfiguration section */

/* Begin XCConfigurationList section */
		3E61F3091716D72900FA7C64 /* Build configuration list for PBXProject "Tut1" */ = {
			isa = XCConfigurationList;
			buildConfigurations = (
				3E61F34C1716D72900FA7C64 /* Debug */,
				3E61F34D1716D72900FA7C64 /* Release */,
			);
			defaultConfigurationIsVisible = 0;
			defaultConfigurationName = Release;
		};
		3E61F34E1716D72900FA7C64 /* Build configuration list for PBXNativeTarget "Tut1" */ = {
			isa = XCConfigurationList;
			buildConfigurations = (
				3E61F34F1716D72900FA7C64 /* Debug */,
				3E61F3501716D72900FA7C64 /* Release */,
			);
			defaultConfigurationIsVisible = 0;
			defaultConfigurationName = Release;
		};
		3E61F3511716D72900FA7C64 /* Build configuration list for PBXNativeTarget "Tut1Tests" */ = {
			isa = XCConfigurationList;
			buildConfigurations = (
				3E61F3521716D72900FA7C64 /* Debug */,
				3E61F3531716D72900FA7C64 /* Release */,
			);
			defaultConfigurationIsVisible = 0;
			defaultConfigurationName = Release;
		};
/* End XCConfigurationList section */
	};
	rootObject = 3E61F3061716D72900FA7C64 /* Project object */;
}
